// !$*UTF8*$!
{
	archiveVersion = 1;
	classes = {
	};
	objectVersion = 46;
	objects = {

/* Begin PBXBuildFile section */
		7F5C7E811822869300F51EF2 /* ISMemoryCacheTests.m in Sources */ = {isa = PBXBuildFile; fileRef = 7F5C7E801822869300F51EF2 /* ISMemoryCacheTests.m */; };
		7F8C62721726F67D00F642B9 /* Foundation.framework in Frameworks */ = {isa = PBXBuildFile; fileRef = 7F8C62711726F67C00F642B9 /* Foundation.framework */; };
		7F8C62771726F67D00F642B9 /* ISMemoryCache.h in CopyFiles */ = {isa = PBXBuildFile; fileRef = 7F8C62761726F67D00F642B9 /* ISMemoryCache.h */; };
		7F8C62791726F67D00F642B9 /* ISMemoryCache.m in Sources */ = {isa = PBXBuildFile; fileRef = 7F8C62781726F67D00F642B9 /* ISMemoryCache.m */; };
		7F8C62811726F67D00F642B9 /* SenTestingKit.framework in Frameworks */ = {isa = PBXBuildFile; fileRef = 7F8C62801726F67D00F642B9 /* SenTestingKit.framework */; };
		7F8C62841726F67D00F642B9 /* Foundation.framework in Frameworks */ = {isa = PBXBuildFile; fileRef = 7F8C62711726F67C00F642B9 /* Foundation.framework */; };
		7F8C62871726F67D00F642B9 /* libISMemoryCache.a in Frameworks */ = {isa = PBXBuildFile; fileRef = 7F8C626E1726F67C00F642B9 /* libISMemoryCache.a */; };
		7F8C628D1726F67D00F642B9 /* InfoPlist.strings in Resources */ = {isa = PBXBuildFile; fileRef = 7F8C628B1726F67D00F642B9 /* InfoPlist.strings */; };
		7F8C629A1726F69E00F642B9 /* UIKit.framework in Frameworks */ = {isa = PBXBuildFile; fileRef = 7F8C62991726F69E00F642B9 /* UIKit.framework */; };
		7F8C629B1726F6A400F642B9 /* UIKit.framework in Frameworks */ = {isa = PBXBuildFile; fileRef = 7F8C62991726F69E00F642B9 /* UIKit.framework */; };
		7F8C629D1726F7B900F642B9 /* ISMemoryCacheSpec.m in Sources */ = {isa = PBXBuildFile; fileRef = 7F8C629C1726F7B900F642B9 /* ISMemoryCacheSpec.m */; };
		871FFA2AFB4C45AD96B67B00 /* libPods-ISMemoryCacheTests.a in Frameworks */ = {isa = PBXBuildFile; fileRef = 76F03366164048E3BD1B6396 /* libPods-ISMemoryCacheTests.a */; };
/* End PBXBuildFile section */

/* Begin PBXContainerItemProxy section */
		7F8C62851726F67D00F642B9 /* PBXContainerItemProxy */ = {
			isa = PBXContainerItemProxy;
			containerPortal = 7F8C62661726F67C00F642B9 /* Project object */;
			proxyType = 1;
			remoteGlobalIDString = 7F8C626D1726F67C00F642B9;
			remoteInfo = ISMemoryCache;
		};
/* End PBXContainerItemProxy section */

/* Begin PBXCopyFilesBuildPhase section */
		7F8C626C1726F67C00F642B9 /* CopyFiles */ = {
			isa = PBXCopyFilesBuildPhase;
			buildActionMask = 2147483647;
			dstPath = "include/${PRODUCT_NAME}";
			dstSubfolderSpec = 16;
			files = (
				7F8C62771726F67D00F642B9 /* ISMemoryCache.h in CopyFiles */,
			);
			runOnlyForDeploymentPostprocessing = 0;
		};
/* End PBXCopyFilesBuildPhase section */

/* Begin PBXFileReference section */
		76F03366164048E3BD1B6396 /* libPods-ISMemoryCacheTests.a */ = {isa = PBXFileReference; explicitFileType = archive.ar; includeInIndex = 0; path = "libPods-ISMemoryCacheTests.a"; sourceTree = BUILT_PRODUCTS_DIR; };
		7F5C7E801822869300F51EF2 /* ISMemoryCacheTests.m */ = {isa = PBXFileReference; fileEncoding = 4; lastKnownFileType = sourcecode.c.objc; path = ISMemoryCacheTests.m; sourceTree = "<group>"; };
		7F8C626E1726F67C00F642B9 /* libISMemoryCache.a */ = {isa = PBXFileReference; explicitFileType = archive.ar; includeInIndex = 0; path = libISMemoryCache.a; sourceTree = BUILT_PRODUCTS_DIR; };
		7F8C62711726F67C00F642B9 /* Foundation.framework */ = {isa = PBXFileReference; lastKnownFileType = wrapper.framework; name = Foundation.framework; path = System/Library/Frameworks/Foundation.framework; sourceTree = SDKROOT; };
		7F8C62751726F67D00F642B9 /* ISMemoryCache-Prefix.pch */ = {isa = PBXFileReference; lastKnownFileType = sourcecode.c.h; path = "ISMemoryCache-Prefix.pch"; sourceTree = "<group>"; };
		7F8C62761726F67D00F642B9 /* ISMemoryCache.h */ = {isa = PBXFileReference; lastKnownFileType = sourcecode.c.h; path = ISMemoryCache.h; sourceTree = "<group>"; };
		7F8C62781726F67D00F642B9 /* ISMemoryCache.m */ = {isa = PBXFileReference; lastKnownFileType = sourcecode.c.objc; path = ISMemoryCache.m; sourceTree = "<group>"; };
		7F8C627F1726F67D00F642B9 /* ISMemoryCacheTests.octest */ = {isa = PBXFileReference; explicitFileType = wrapper.cfbundle; includeInIndex = 0; path = ISMemoryCacheTests.octest; sourceTree = BUILT_PRODUCTS_DIR; };
		7F8C62801726F67D00F642B9 /* SenTestingKit.framework */ = {isa = PBXFileReference; lastKnownFileType = wrapper.framework; name = SenTestingKit.framework; path = Library/Frameworks/SenTestingKit.framework; sourceTree = DEVELOPER_DIR; };
		7F8C628A1726F67D00F642B9 /* ISMemoryCacheTests-Info.plist */ = {isa = PBXFileReference; lastKnownFileType = text.plist.xml; path = "ISMemoryCacheTests-Info.plist"; sourceTree = "<group>"; };
		7F8C628C1726F67D00F642B9 /* en */ = {isa = PBXFileReference; lastKnownFileType = text.plist.strings; name = en; path = en.lproj/InfoPlist.strings; sourceTree = "<group>"; };
		7F8C62991726F69E00F642B9 /* UIKit.framework */ = {isa = PBXFileReference; lastKnownFileType = wrapper.framework; name = UIKit.framework; path = System/Library/Frameworks/UIKit.framework; sourceTree = SDKROOT; };
		7F8C629C1726F7B900F642B9 /* ISMemoryCacheSpec.m */ = {isa = PBXFileReference; fileEncoding = 4; lastKnownFileType = sourcecode.c.objc; path = ISMemoryCacheSpec.m; sourceTree = "<group>"; };
		F091605E849948DDBE82A54A /* Pods-ISMemoryCacheTests.xcconfig */ = {isa = PBXFileReference; includeInIndex = 1; lastKnownFileType = text.xcconfig; name = "Pods-ISMemoryCacheTests.xcconfig"; path = "Pods/Pods-ISMemoryCacheTests.xcconfig"; sourceTree = SOURCE_ROOT; };
/* End PBXFileReference section */

/* Begin PBXFrameworksBuildPhase section */
		7F8C626B1726F67C00F642B9 /* Frameworks */ = {
			isa = PBXFrameworksBuildPhase;
			buildActionMask = 2147483647;
			files = (
				7F8C629A1726F69E00F642B9 /* UIKit.framework in Frameworks */,
				7F8C62721726F67D00F642B9 /* Foundation.framework in Frameworks */,
			);
			runOnlyForDeploymentPostprocessing = 0;
		};
		7F8C627B1726F67D00F642B9 /* Frameworks */ = {
			isa = PBXFrameworksBuildPhase;
			buildActionMask = 2147483647;
			files = (
				7F8C62811726F67D00F642B9 /* SenTestingKit.framework in Frameworks */,
				7F8C62841726F67D00F642B9 /* Foundation.framework in Frameworks */,
				7F8C62871726F67D00F642B9 /* libISMemoryCache.a in Frameworks */,
				7F8C629B1726F6A400F642B9 /* UIKit.framework in Frameworks */,
				871FFA2AFB4C45AD96B67B00 /* libPods-ISMemoryCacheTests.a in Frameworks */,
			);
			runOnlyForDeploymentPostprocessing = 0;
		};
/* End PBXFrameworksBuildPhase section */

/* Begin PBXGroup section */
		7F8C62651726F67C00F642B9 = {
			isa = PBXGroup;
			children = (
				7F8C62731726F67D00F642B9 /* ISMemoryCache */,
				7F8C62881726F67D00F642B9 /* ISMemoryCacheTests */,
				7F8C62701726F67C00F642B9 /* Frameworks */,
				7F8C626F1726F67C00F642B9 /* Products */,
				F091605E849948DDBE82A54A /* Pods-ISMemoryCacheTests.xcconfig */,
			);
			sourceTree = "<group>";
		};
		7F8C626F1726F67C00F642B9 /* Products */ = {
			isa = PBXGroup;
			children = (
				7F8C626E1726F67C00F642B9 /* libISMemoryCache.a */,
				7F8C627F1726F67D00F642B9 /* ISMemoryCacheTests.octest */,
			);
			name = Products;
			sourceTree = "<group>";
		};
		7F8C62701726F67C00F642B9 /* Frameworks */ = {
			isa = PBXGroup;
			children = (
				7F8C62991726F69E00F642B9 /* UIKit.framework */,
				7F8C62711726F67C00F642B9 /* Foundation.framework */,
				7F8C62801726F67D00F642B9 /* SenTestingKit.framework */,
				76F03366164048E3BD1B6396 /* libPods-ISMemoryCacheTests.a */,
			);
			name = Frameworks;
			sourceTree = "<group>";
		};
		7F8C62731726F67D00F642B9 /* ISMemoryCache */ = {
			isa = PBXGroup;
			children = (
				7F8C62761726F67D00F642B9 /* ISMemoryCache.h */,
				7F8C62781726F67D00F642B9 /* ISMemoryCache.m */,
				7F8C62741726F67D00F642B9 /* Supporting Files */,
			);
			path = ISMemoryCache;
			sourceTree = "<group>";
		};
		7F8C62741726F67D00F642B9 /* Supporting Files */ = {
			isa = PBXGroup;
			children = (
				7F8C62751726F67D00F642B9 /* ISMemoryCache-Prefix.pch */,
			);
			name = "Supporting Files";
			sourceTree = "<group>";
		};
		7F8C62881726F67D00F642B9 /* ISMemoryCacheTests */ = {
			isa = PBXGroup;
			children = (
				7F8C629C1726F7B900F642B9 /* ISMemoryCacheSpec.m */,
				7F5C7E801822869300F51EF2 /* ISMemoryCacheTests.m */,
				7F8C62891726F67D00F642B9 /* Supporting Files */,
			);
			path = ISMemoryCacheTests;
			sourceTree = "<group>";
		};
		7F8C62891726F67D00F642B9 /* Supporting Files */ = {
			isa = PBXGroup;
			children = (
				7F8C628A1726F67D00F642B9 /* ISMemoryCacheTests-Info.plist */,
				7F8C628B1726F67D00F642B9 /* InfoPlist.strings */,
			);
			name = "Supporting Files";
			sourceTree = "<group>";
		};
/* End PBXGroup section */

/* Begin PBXNativeTarget section */
		7F8C626D1726F67C00F642B9 /* ISMemoryCache */ = {
			isa = PBXNativeTarget;
			buildConfigurationList = 7F8C62931726F67D00F642B9 /* Build configuration list for PBXNativeTarget "ISMemoryCache" */;
			buildPhases = (
				7F8C626A1726F67C00F642B9 /* Sources */,
				7F8C626B1726F67C00F642B9 /* Frameworks */,
				7F8C626C1726F67C00F642B9 /* CopyFiles */,
			);
			buildRules = (
			);
			dependencies = (
			);
			name = ISMemoryCache;
			productName = ISMemoryCache;
			productReference = 7F8C626E1726F67C00F642B9 /* libISMemoryCache.a */;
			productType = "com.apple.product-type.library.static";
		};
		7F8C627E1726F67D00F642B9 /* ISMemoryCacheTests */ = {
			isa = PBXNativeTarget;
			buildConfigurationList = 7F8C62961726F67D00F642B9 /* Build configuration list for PBXNativeTarget "ISMemoryCacheTests" */;
			buildPhases = (
				4D242A1575C647EFB4504EF3 /* Check Pods Manifest.lock */,
				7F8C627A1726F67D00F642B9 /* Sources */,
				7F8C627B1726F67D00F642B9 /* Frameworks */,
				7F8C627C1726F67D00F642B9 /* Resources */,
				7F8C627D1726F67D00F642B9 /* ShellScript */,
				138BEBFD9D184095B66866A7 /* Copy Pods Resources */,
			);
			buildRules = (
			);
			dependencies = (
				7F8C62861726F67D00F642B9 /* PBXTargetDependency */,
			);
			name = ISMemoryCacheTests;
			productName = ISMemoryCacheTests;
			productReference = 7F8C627F1726F67D00F642B9 /* ISMemoryCacheTests.octest */;
			productType = "com.apple.product-type.bundle";
		};
/* End PBXNativeTarget section */

/* Begin PBXProject section */
		7F8C62661726F67C00F642B9 /* Project object */ = {
			isa = PBXProject;
			attributes = {
				LastUpgradeCheck = 0460;
				ORGANIZATIONNAME = "Yosuke Ishikawa";
			};
			buildConfigurationList = 7F8C62691726F67C00F642B9 /* Build configuration list for PBXProject "ISMemoryCache" */;
			compatibilityVersion = "Xcode 3.2";
			developmentRegion = English;
			hasScannedForEncodings = 0;
			knownRegions = (
				en,
			);
			mainGroup = 7F8C62651726F67C00F642B9;
			productRefGroup = 7F8C626F1726F67C00F642B9 /* Products */;
			projectDirPath = "";
			projectRoot = "";
			targets = (
				7F8C626D1726F67C00F642B9 /* ISMemoryCache */,
				7F8C627E1726F67D00F642B9 /* ISMemoryCacheTests */,
			);
		};
/* End PBXProject section */

/* Begin PBXResourcesBuildPhase section */
		7F8C627C1726F67D00F642B9 /* Resources */ = {
			isa = PBXResourcesBuildPhase;
			buildActionMask = 2147483647;
			files = (
				7F8C628D1726F67D00F642B9 /* InfoPlist.strings in Resources */,
			);
			runOnlyForDeploymentPostprocessing = 0;
		};
/* End PBXResourcesBuildPhase section */

/* Begin PBXShellScriptBuildPhase section */
		138BEBFD9D184095B66866A7 /* Copy Pods Resources */ = {
			isa = PBXShellScriptBuildPhase;
			buildActionMask = 2147483647;
			files = (
			);
			inputPaths = (
			);
			name = "Copy Pods Resources";
			outputPaths = (
			);
			runOnlyForDeploymentPostprocessing = 0;
			shellPath = /bin/sh;
			shellScript = "\"${SRCROOT}/Pods/Pods-ISMemoryCacheTests-resources.sh\"\n";
		};
		4D242A1575C647EFB4504EF3 /* Check Pods Manifest.lock */ = {
			isa = PBXShellScriptBuildPhase;
			buildActionMask = 2147483647;
			files = (
			);
			inputPaths = (
			);
			name = "Check Pods Manifest.lock";
			outputPaths = (
			);
			runOnlyForDeploymentPostprocessing = 0;
			shellPath = /bin/sh;
			shellScript = "diff \"${PODS_ROOT}/../Podfile.lock\" \"${PODS_ROOT}/Manifest.lock\" > /dev/null\nif [[ $? != 0 ]] ; then\n    cat << EOM\nerror: The sanbox is not in sync with the Podfile.lock. Run 'pod install'.\nEOM\n    exit 1\nfi\n";
		};
		7F8C627D1726F67D00F642B9 /* ShellScript */ = {
			isa = PBXShellScriptBuildPhase;
			buildActionMask = 2147483647;
			files = (
			);
			inputPaths = (
			);
			outputPaths = (
			);
			runOnlyForDeploymentPostprocessing = 0;
			shellPath = /bin/sh;
			shellScript = "# Run the unit tests in this test bundle.\n\"${SYSTEM_DEVELOPER_DIR}/Tools/RunUnitTests\"\n";
		};
/* End PBXShellScriptBuildPhase section */

/* Begin PBXSourcesBuildPhase section */
		7F8C626A1726F67C00F642B9 /* Sources */ = {
			isa = PBXSourcesBuildPhase;
			buildActionMask = 2147483647;
			files = (
				7F8C62791726F67D00F642B9 /* ISMemoryCache.m in Sources */,
			);
			runOnlyForDeploymentPostprocessing = 0;
		};
		7F8C627A1726F67D00F642B9 /* Sources */ = {
			isa = PBXSourcesBuildPhase;
			buildActionMask = 2147483647;
			files = (
				7F8C629D1726F7B900F642B9 /* ISMemoryCacheSpec.m in Sources */,
				7F5C7E811822869300F51EF2 /* ISMemoryCacheTests.m in Sources */,
			);
			runOnlyForDeploymentPostprocessing = 0;
		};
/* End PBXSourcesBuildPhase section */

/* Begin PBXTargetDependency section */
		7F8C62861726F67D00F642B9 /* PBXTargetDependency */ = {
			isa = PBXTargetDependency;
			target = 7F8C626D1726F67C00F642B9 /* ISMemoryCache */;
			targetProxy = 7F8C62851726F67D00F642B9 /* PBXContainerItemProxy */;
		};
/* End PBXTargetDependency section */

/* Begin PBXVariantGroup section */
		7F8C628B1726F67D00F642B9 /* InfoPlist.strings */ = {
			isa = PBXVariantGroup;
			children = (
				7F8C628C1726F67D00F642B9 /* en */,
			);
			name = InfoPlist.strings;
			sourceTree = "<group>";
		};
/* End PBXVariantGroup section */

/* Begin XCBuildConfiguration section */
		7F8C62911726F67D00F642B9 /* Debug */ = {
			isa = XCBuildConfiguration;
			buildSettings = {
				ALWAYS_SEARCH_USER_PATHS = NO;
				CLANG_CXX_LANGUAGE_STANDARD = "gnu++0x";
				CLANG_CXX_LIBRARY = "libc++";
				CLANG_ENABLE_OBJC_ARC = YES;
				CLANG_WARN_CONSTANT_CONVERSION = YES;
				CLANG_WARN_EMPTY_BODY = YES;
				CLANG_WARN_ENUM_CONVERSION = YES;
				CLANG_WARN_INT_CONVERSION = YES;
				CLANG_WARN__DUPLICATE_METHOD_MATCH = YES;
				COPY_PHASE_STRIP = NO;
				GCC_C_LANGUAGE_STANDARD = gnu99;
				GCC_DYNAMIC_NO_PIC = NO;
				GCC_OPTIMIZATION_LEVEL = 0;
				GCC_PREPROCESSOR_DEFINITIONS = (
					"DEBUG=1",
					"$(inherited)",
				);
				GCC_SYMBOLS_PRIVATE_EXTERN = NO;
				GCC_WARN_ABOUT_RETURN_TYPE = YES;
				GCC_WARN_UNINITIALIZED_AUTOS = YES;
				GCC_WARN_UNUSED_VARIABLE = YES;
				IPHONEOS_DEPLOYMENT_TARGET = 6.1;
				ONLY_ACTIVE_ARCH = YES;
				SDKROOT = iphoneos;
			};
			name = Debug;
		};
		7F8C62921726F67D00F642B9 /* Release */ = {
			isa = XCBuildConfiguration;
			buildSettings = {
				ALWAYS_SEARCH_USER_PATHS = NO;
				CLANG_CXX_LANGUAGE_STANDARD = "gnu++0x";
				CLANG_CXX_LIBRARY = "libc++";
				CLANG_ENABLE_OBJC_ARC = YES;
				CLANG_WARN_CONSTANT_CONVERSION = YES;
				CLANG_WARN_EMPTY_BODY = YES;
				CLANG_WARN_ENUM_CONVERSION = YES;
				CLANG_WARN_INT_CONVERSION = YES;
				CLANG_WARN__DUPLICATE_METHOD_MATCH = YES;
				COPY_PHASE_STRIP = YES;
				GCC_C_LANGUAGE_STANDARD = gnu99;
				GCC_WARN_ABOUT_RETURN_TYPE = YES;
				GCC_WARN_UNINITIALIZED_AUTOS = YES;
				GCC_WARN_UNUSED_VARIABLE = YES;
				IPHONEOS_DEPLOYMENT_TARGET = 6.1;
				SDKROOT = iphoneos;
				VALIDATE_PRODUCT = YES;
			};
			name = Release;
		};
		7F8C62941726F67D00F642B9 /* Debug */ = {
			isa = XCBuildConfiguration;
			buildSettings = {
				DSTROOT = /tmp/ISMemoryCache.dst;
				GCC_PRECOMPILE_PREFIX_HEADER = YES;
				GCC_PREFIX_HEADER = "ISMemoryCache/ISMemoryCache-Prefix.pch";
				OTHER_LDFLAGS = "-ObjC";
				PRODUCT_NAME = "$(TARGET_NAME)";
				SKIP_INSTALL = YES;
			};
			name = Debug;
		};
		7F8C62951726F67D00F642B9 /* Release */ = {
			isa = XCBuildConfiguration;
			buildSettings = {
				DSTROOT = /tmp/ISMemoryCache.dst;
				GCC_PRECOMPILE_PREFIX_HEADER = YES;
				GCC_PREFIX_HEADER = "ISMemoryCache/ISMemoryCache-Prefix.pch";
				OTHER_LDFLAGS = "-ObjC";
				PRODUCT_NAME = "$(TARGET_NAME)";
				SKIP_INSTALL = YES;
			};
			name = Release;
		};
		7F8C62971726F67D00F642B9 /* Debug */ = {
			isa = XCBuildConfiguration;
			baseConfigurationReference = F091605E849948DDBE82A54A /* Pods-ISMemoryCacheTests.xcconfig */;
			buildSettings = {
				FRAMEWORK_SEARCH_PATHS = (
					"\"$(SDKROOT)/Developer/Library/Frameworks\"",
					"\"$(DEVELOPER_LIBRARY_DIR)/Frameworks\"",
				);
				GCC_PRECOMPILE_PREFIX_HEADER = YES;
				GCC_PREFIX_HEADER = "ISMemoryCache/ISMemoryCache-Prefix.pch";
				INFOPLIST_FILE = "ISMemoryCacheTests/ISMemoryCacheTests-Info.plist";
				PRODUCT_NAME = "$(TARGET_NAME)";
				WRAPPER_EXTENSION = octest;
			};
			name = Debug;
		};
		7F8C62981726F67D00F642B9 /* Release */ = {
			isa = XCBuildConfiguration;
			baseConfigurationReference = F091605E849948DDBE82A54A /* Pods-ISMemoryCacheTests.xcconfig */;
			buildSettings = {
				FRAMEWORK_SEARCH_PATHS = (
					"\"$(SDKROOT)/Developer/Library/Frameworks\"",
					"\"$(DEVELOPER_LIBRARY_DIR)/Frameworks\"",
				);
				GCC_PRECOMPILE_PREFIX_HEADER = YES;
				GCC_PREFIX_HEADER = "ISMemoryCache/ISMemoryCache-Prefix.pch";
				INFOPLIST_FILE = "ISMemoryCacheTests/ISMemoryCacheTests-Info.plist";
				PRODUCT_NAME = "$(TARGET_NAME)";
				WRAPPER_EXTENSION = octest;
			};
			name = Release;
		};
/* End XCBuildConfiguration section */

/* Begin XCConfigurationList section */
		7F8C62691726F67C00F642B9 /* Build configuration list for PBXProject "ISMemoryCache" */ = {
			isa = XCConfigurationList;
			buildConfigurations = (
				7F8C62911726F67D00F642B9 /* Debug */,
				7F8C62921726F67D00F642B9 /* Release */,
			);
			defaultConfigurationIsVisible = 0;
			defaultConfigurationName = Release;
		};
		7F8C62931726F67D00F642B9 /* Build configuration list for PBXNativeTarget "ISMemoryCache" */ = {
			isa = XCConfigurationList;
			buildConfigurations = (
				7F8C62941726F67D00F642B9 /* Debug */,
				7F8C62951726F67D00F642B9 /* Release */,
			);
			defaultConfigurationIsVisible = 0;
			defaultConfigurationName = Release;
		};
		7F8C62961726F67D00F642B9 /* Build configuration list for PBXNativeTarget "ISMemoryCacheTests" */ = {
			isa = XCConfigurationList;
			buildConfigurations = (
				7F8C62971726F67D00F642B9 /* Debug */,
				7F8C62981726F67D00F642B9 /* Release */,
			);
			defaultConfigurationIsVisible = 0;
			defaultConfigurationName = Release;
		};
/* End XCConfigurationList section */
	};
	rootObject = 7F8C62661726F67C00F642B9 /* Project object */;
}
